// !$*UTF8*$!
{
	archiveVersion = 1;
	classes = {
	};
	objectVersion = 56;
	objects = {

/* Begin PBXBuildFile section */
		D581E0CF29375F18006F422F /* SuguePushViewController.swift in Sources */ = {isa = PBXBuildFile; fileRef = D581E0CE29375F18006F422F /* SuguePushViewController.swift */; };
		D59892DD2930AECF004A5B33 /* Content.swift in Sources */ = {isa = PBXBuildFile; fileRef = D59892DC2930AECF004A5B33 /* Content.swift */; };
		D59892E12930C22B004A5B33 /* Study2ViewController.swift in Sources */ = {isa = PBXBuildFile; fileRef = D59892E02930C22B004A5B33 /* Study2ViewController.swift */; };
		D59892E32930C30F004A5B33 /* Study2Storyboard.storyboard in Resources */ = {isa = PBXBuildFile; fileRef = D59892E22930C30F004A5B33 /* Study2Storyboard.storyboard */; };
		D5BA406D2930A29200B13383 /* AppDelegate.swift in Sources */ = {isa = PBXBuildFile; fileRef = D5BA406C2930A29200B13383 /* AppDelegate.swift */; };
		D5BA406F2930A29200B13383 /* SceneDelegate.swift in Sources */ = {isa = PBXBuildFile; fileRef = D5BA406E2930A29200B13383 /* SceneDelegate.swift */; };
		D5BA40712930A29200B13383 /* ViewController.swift in Sources */ = {isa = PBXBuildFile; fileRef = D5BA40702930A29200B13383 /* ViewController.swift */; };
		D5BA40742930A29200B13383 /* Main.storyboard in Resources */ = {isa = PBXBuildFile; fileRef = D5BA40722930A29200B13383 /* Main.storyboard */; };
		D5BA40762930A29200B13383 /* Assets.xcassets in Resources */ = {isa = PBXBuildFile; fileRef = D5BA40752930A29200B13383 /* Assets.xcassets */; };
		D5BA40792930A29200B13383 /* LaunchScreen.storyboard in Resources */ = {isa = PBXBuildFile; fileRef = D5BA40772930A29200B13383 /* LaunchScreen.storyboard */; };
		D5BA40842930A29300B13383 /* SimpleAppStudyTests.swift in Sources */ = {isa = PBXBuildFile; fileRef = D5BA40832930A29300B13383 /* SimpleAppStudyTests.swift */; };
		D5BA408E2930A29300B13383 /* SimpleAppStudyUITests.swift in Sources */ = {isa = PBXBuildFile; fileRef = D5BA408D2930A29300B13383 /* SimpleAppStudyUITests.swift */; };
		D5BA40902930A29300B13383 /* SimpleAppStudyUITestsLaunchTests.swift in Sources */ = {isa = PBXBuildFile; fileRef = D5BA408F2930A29300B13383 /* SimpleAppStudyUITestsLaunchTests.swift */; };
/* End PBXBuildFile section */

/* Begin PBXContainerItemProxy section */
		D5BA40802930A29300B13383 /* PBXContainerItemProxy */ = {
			isa = PBXContainerItemProxy;
			containerPortal = D5BA40612930A29200B13383 /* Project object */;
			proxyType = 1;
			remoteGlobalIDString = D5BA40682930A29200B13383;
			remoteInfo = SimpleAppStudy;
		};
		D5BA408A2930A29300B13383 /* PBXContainerItemProxy */ = {
			isa = PBXContainerItemProxy;
			containerPortal = D5BA40612930A29200B13383 /* Project object */;
			proxyType = 1;
			remoteGlobalIDString = D5BA40682930A29200B13383;
			remoteInfo = SimpleAppStudy;
		};
/* End PBXContainerItemProxy section */

/* Begin PBXFileReference section */
		D581E0CE29375F18006F422F /* SuguePushViewController.swift */ = {isa = PBXFileReference; lastKnownFileType = sourcecode.swift; path = SuguePushViewController.swift; sourceTree = "<group>"; };
		D59892DC2930AECF004A5B33 /* Content.swift */ = {isa = PBXFileReference; lastKnownFileType = sourcecode.swift; path = Content.swift; sourceTree = "<group>"; };
		D59892E02930C22B004A5B33 /* Study2ViewController.swift */ = {isa = PBXFileReference; lastKnownFileType = sourcecode.swift; path = Study2ViewController.swift; sourceTree = "<group>"; };
		D59892E22930C30F004A5B33 /* Study2Storyboard.storyboard */ = {isa = PBXFileReference; lastKnownFileType = file.storyboard; path = Study2Storyboard.storyboard; sourceTree = "<group>"; };
		D5BA40692930A29200B13383 /* SimpleAppStudy.app */ = {isa = PBXFileReference; explicitFileType = wrapper.application; includeInIndex = 0; path = SimpleAppStudy.app; sourceTree = BUILT_PRODUCTS_DIR; };
		D5BA406C2930A29200B13383 /* AppDelegate.swift */ = {isa = PBXFileReference; lastKnownFileType = sourcecode.swift; path = AppDelegate.swift; sourceTree = "<group>"; };
		D5BA406E2930A29200B13383 /* SceneDelegate.swift */ = {isa = PBXFileReference; lastKnownFileType = sourcecode.swift; path = SceneDelegate.swift; sourceTree = "<group>"; };
		D5BA40702930A29200B13383 /* ViewController.swift */ = {isa = PBXFileReference; lastKnownFileType = sourcecode.swift; path = ViewController.swift; sourceTree = "<group>"; };
		D5BA40732930A29200B13383 /* Base */ = {isa = PBXFileReference; lastKnownFileType = file.storyboard; name = Base; path = Base.lproj/Main.storyboard; sourceTree = "<group>"; };
		D5BA40752930A29200B13383 /* Assets.xcassets */ = {isa = PBXFileReference; lastKnownFileType = folder.assetcatalog; path = Assets.xcassets; sourceTree = "<group>"; };
		D5BA40782930A29200B13383 /* Base */ = {isa = PBXFileReference; lastKnownFileType = file.storyboard; name = Base; path = Base.lproj/LaunchScreen.storyboard; sourceTree = "<group>"; };
		D5BA407A2930A29200B13383 /* Info.plist */ = {isa = PBXFileReference; lastKnownFileType = text.plist.xml; path = Info.plist; sourceTree = "<group>"; };
		D5BA407F2930A29300B13383 /* SimpleAppStudyTests.xctest */ = {isa = PBXFileReference; explicitFileType = wrapper.cfbundle; includeInIndex = 0; path = SimpleAppStudyTests.xctest; sourceTree = BUILT_PRODUCTS_DIR; };
		D5BA40832930A29300B13383 /* SimpleAppStudyTests.swift */ = {isa = PBXFileReference; lastKnownFileType = sourcecode.swift; path = SimpleAppStudyTests.swift; sourceTree = "<group>"; };
		D5BA40892930A29300B13383 /* SimpleAppStudyUITests.xctest */ = {isa = PBXFileReference; explicitFileType = wrapper.cfbundle; includeInIndex = 0; path = SimpleAppStudyUITests.xctest; sourceTree = BUILT_PRODUCTS_DIR; };
		D5BA408D2930A29300B13383 /* SimpleAppStudyUITests.swift */ = {isa = PBXFileReference; lastKnownFileType = sourcecode.swift; path = SimpleAppStudyUITests.swift; sourceTree = "<group>"; };
		D5BA408F2930A29300B13383 /* SimpleAppStudyUITestsLaunchTests.swift */ = {isa = PBXFileReference; lastKnownFileType = sourcecode.swift; path = SimpleAppStudyUITestsLaunchTests.swift; sourceTree = "<group>"; };
/* End PBXFileReference section */

/* Begin PBXFrameworksBuildPhase section */
		D5BA40662930A29200B13383 /* Frameworks */ = {
			isa = PBXFrameworksBuildPhase;
			buildActionMask = 2147483647;
			files = (
			);
			runOnlyForDeploymentPostprocessing = 0;
		};
		D5BA407C2930A29300B13383 /* Frameworks */ = {
			isa = PBXFrameworksBuildPhase;
			buildActionMask = 2147483647;
			files = (
			);
			runOnlyForDeploymentPostprocessing = 0;
		};
		D5BA40862930A29300B13383 /* Frameworks */ = {
			isa = PBXFrameworksBuildPhase;
			buildActionMask = 2147483647;
			files = (
			);
			runOnlyForDeploymentPostprocessing = 0;
		};
/* End PBXFrameworksBuildPhase section */

/* Begin PBXGroup section */
		D59892DF2930C14E004A5B33 /* SimpleAppStudy2 */ = {
			isa = PBXGroup;
			children = (
				D59892E02930C22B004A5B33 /* Study2ViewController.swift */,
				D59892E22930C30F004A5B33 /* Study2Storyboard.storyboard */,
				D581E0CE29375F18006F422F /* SuguePushViewController.swift */,
			);
			path = SimpleAppStudy2;
			sourceTree = "<group>";
		};
		D5BA40602930A29200B13383 = {
			isa = PBXGroup;
			children = (
				D59892DF2930C14E004A5B33 /* SimpleAppStudy2 */,
				D5BA406B2930A29200B13383 /* SimpleAppStudy */,
				D5BA40822930A29300B13383 /* SimpleAppStudyTests */,
				D5BA408C2930A29300B13383 /* SimpleAppStudyUITests */,
				D5BA406A2930A29200B13383 /* Products */,
			);
			sourceTree = "<group>";
		};
		D5BA406A2930A29200B13383 /* Products */ = {
			isa = PBXGroup;
			children = (
				D5BA40692930A29200B13383 /* SimpleAppStudy.app */,
				D5BA407F2930A29300B13383 /* SimpleAppStudyTests.xctest */,
				D5BA40892930A29300B13383 /* SimpleAppStudyUITests.xctest */,
			);
			name = Products;
			sourceTree = "<group>";
		};
		D5BA406B2930A29200B13383 /* SimpleAppStudy */ = {
			isa = PBXGroup;
			children = (
				D5BA406C2930A29200B13383 /* AppDelegate.swift */,
				D5BA406E2930A29200B13383 /* SceneDelegate.swift */,
				D5BA40702930A29200B13383 /* ViewController.swift */,
				D59892DC2930AECF004A5B33 /* Content.swift */,
				D5BA40722930A29200B13383 /* Main.storyboard */,
				D5BA40752930A29200B13383 /* Assets.xcassets */,
				D5BA40772930A29200B13383 /* LaunchScreen.storyboard */,
				D5BA407A2930A29200B13383 /* Info.plist */,
			);
			path = SimpleAppStudy;
			sourceTree = "<group>";
		};
		D5BA40822930A29300B13383 /* SimpleAppStudyTests */ = {
			isa = PBXGroup;
			children = (
				D5BA40832930A29300B13383 /* SimpleAppStudyTests.swift */,
			);
			path = SimpleAppStudyTests;
			sourceTree = "<group>";
		};
		D5BA408C2930A29300B13383 /* SimpleAppStudyUITests */ = {
			isa = PBXGroup;
			children = (
				D5BA408D2930A29300B13383 /* SimpleAppStudyUITests.swift */,
				D5BA408F2930A29300B13383 /* SimpleAppStudyUITestsLaunchTests.swift */,
			);
			path = SimpleAppStudyUITests;
			sourceTree = "<group>";
		};
/* End PBXGroup section */

/* Begin PBXNativeTarget section */
		D5BA40682930A29200B13383 /* SimpleAppStudy */ = {
			isa = PBXNativeTarget;
			buildConfigurationList = D5BA40932930A29300B13383 /* Build configuration list for PBXNativeTarget "SimpleAppStudy" */;
			buildPhases = (
				D5BA40652930A29200B13383 /* Sources */,
				D5BA40662930A29200B13383 /* Frameworks */,
				D5BA40672930A29200B13383 /* Resources */,
			);
			buildRules = (
			);
			dependencies = (
			);
			name = SimpleAppStudy;
			productName = SimpleAppStudy;
			productReference = D5BA40692930A29200B13383 /* SimpleAppStudy.app */;
			productType = "com.apple.product-type.application";
		};
		D5BA407E2930A29300B13383 /* SimpleAppStudyTests */ = {
			isa = PBXNativeTarget;
			buildConfigurationList = D5BA40962930A29300B13383 /* Build configuration list for PBXNativeTarget "SimpleAppStudyTests" */;
			buildPhases = (
				D5BA407B2930A29300B13383 /* Sources */,
				D5BA407C2930A29300B13383 /* Frameworks */,
				D5BA407D2930A29300B13383 /* Resources */,
			);
			buildRules = (
			);
			dependencies = (
				D5BA40812930A29300B13383 /* PBXTargetDependency */,
			);
			name = SimpleAppStudyTests;
			productName = SimpleAppStudyTests;
			productReference = D5BA407F2930A29300B13383 /* SimpleAppStudyTests.xctest */;
			productType = "com.apple.product-type.bundle.unit-test";
		};
		D5BA40882930A29300B13383 /* SimpleAppStudyUITests */ = {
			isa = PBXNativeTarget;
			buildConfigurationList = D5BA40992930A29300B13383 /* Build configuration list for PBXNativeTarget "SimpleAppStudyUITests" */;
			buildPhases = (
				D5BA40852930A29300B13383 /* Sources */,
				D5BA40862930A29300B13383 /* Frameworks */,
				D5BA40872930A29300B13383 /* Resources */,
			);
			buildRules = (
			);
			dependencies = (
				D5BA408B2930A29300B13383 /* PBXTargetDependency */,
			);
			name = SimpleAppStudyUITests;
			productName = SimpleAppStudyUITests;
			productReference = D5BA40892930A29300B13383 /* SimpleAppStudyUITests.xctest */;
			productType = "com.apple.product-type.bundle.ui-testing";
		};
/* End PBXNativeTarget section */

/* Begin PBXProject section */
		D5BA40612930A29200B13383 /* Project object */ = {
			isa = PBXProject;
			attributes = {
				BuildIndependentTargetsInParallel = 1;
				LastSwiftUpdateCheck = 1410;
				LastUpgradeCheck = 1410;
				TargetAttributes = {
					D5BA40682930A29200B13383 = {
						CreatedOnToolsVersion = 14.1;
					};
					D5BA407E2930A29300B13383 = {
						CreatedOnToolsVersion = 14.1;
						TestTargetID = D5BA40682930A29200B13383;
					};
					D5BA40882930A29300B13383 = {
						CreatedOnToolsVersion = 14.1;
						TestTargetID = D5BA40682930A29200B13383;
					};
				};
			};
			buildConfigurationList = D5BA40642930A29200B13383 /* Build configuration list for PBXProject "SimpleAppStudy" */;
			compatibilityVersion = "Xcode 14.0";
			developmentRegion = en;
			hasScannedForEncodings = 0;
			knownRegions = (
				en,
				Base,
			);
			mainGroup = D5BA40602930A29200B13383;
			productRefGroup = D5BA406A2930A29200B13383 /* Products */;
			projectDirPath = "";
			projectRoot = "";
			targets = (
				D5BA40682930A29200B13383 /* SimpleAppStudy */,
				D5BA407E2930A29300B13383 /* SimpleAppStudyTests */,
				D5BA40882930A29300B13383 /* SimpleAppStudyUITests */,
			);
		};
/* End PBXProject section */

/* Begin PBXResourcesBuildPhase section */
		D5BA40672930A29200B13383 /* Resources */ = {
			isa = PBXResourcesBuildPhase;
			buildActionMask = 2147483647;
			files = (
				D5BA40792930A29200B13383 /* LaunchScreen.storyboard in Resources */,
				D5BA40762930A29200B13383 /* Assets.xcassets in Resources */,
				D59892E32930C30F004A5B33 /* Study2Storyboard.storyboard in Resources */,
				D5BA40742930A29200B13383 /* Main.storyboard in Resources */,
			);
			runOnlyForDeploymentPostprocessing = 0;
		};
		D5BA407D2930A29300B13383 /* Resources */ = {
			isa = PBXResourcesBuildPhase;
			buildActionMask = 2147483647;
			files = (
			);
			runOnlyForDeploymentPostprocessing = 0;
		};
		D5BA40872930A29300B13383 /* Resources */ = {
			isa = PBXResourcesBuildPhase;
			buildActionMask = 2147483647;
			files = (
			);
			runOnlyForDeploymentPostprocessing = 0;
		};
/* End PBXResourcesBuildPhase section */

/* Begin PBXSourcesBuildPhase section */
		D5BA40652930A29200B13383 /* Sources */ = {
			isa = PBXSourcesBuildPhase;
			buildActionMask = 2147483647;
			files = (
				D5BA40712930A29200B13383 /* ViewController.swift in Sources */,
				D5BA406D2930A29200B13383 /* AppDelegate.swift in Sources */,
				D59892E12930C22B004A5B33 /* Study2ViewController.swift in Sources */,
				D5BA406F2930A29200B13383 /* SceneDelegate.swift in Sources */,
				D581E0CF29375F18006F422F /* SuguePushViewController.swift in Sources */,
				D59892DD2930AECF004A5B33 /* Content.swift in Sources */,
			);
			runOnlyForDeploymentPostprocessing = 0;
		};
		D5BA407B2930A29300B13383 /* Sources */ = {
			isa = PBXSourcesBuildPhase;
			buildActionMask = 2147483647;
			files = (
				D5BA40842930A29300B13383 /* SimpleAppStudyTests.swift in Sources */,
			);
			runOnlyForDeploymentPostprocessing = 0;
		};
		D5BA40852930A29300B13383 /* Sources */ = {
			isa = PBXSourcesBuildPhase;
			buildActionMask = 2147483647;
			files = (
				D5BA40902930A29300B13383 /* SimpleAppStudyUITestsLaunchTests.swift in Sources */,
				D5BA408E2930A29300B13383 /* SimpleAppStudyUITests.swift in Sources */,
			);
			runOnlyForDeploymentPostprocessing = 0;
		};
/* End PBXSourcesBuildPhase section */

/* Begin PBXTargetDependency section */
		D5BA40812930A29300B13383 /* PBXTargetDependency */ = {
			isa = PBXTargetDependency;
			target = D5BA40682930A29200B13383 /* SimpleAppStudy */;
			targetProxy = D5BA40802930A29300B13383 /* PBXContainerItemProxy */;
		};
		D5BA408B2930A29300B13383 /* PBXTargetDependency */ = {
			isa = PBXTargetDependency;
			target = D5BA40682930A29200B13383 /* SimpleAppStudy */;
			targetProxy = D5BA408A2930A29300B13383 /* PBXContainerItemProxy */;
		};
/* End PBXTargetDependency section */

/* Begin PBXVariantGroup section */
		D5BA40722930A29200B13383 /* Main.storyboard */ = {
			isa = PBXVariantGroup;
			children = (
				D5BA40732930A29200B13383 /* Base */,
			);
			name = Main.storyboard;
			sourceTree = "<group>";
		};
		D5BA40772930A29200B13383 /* LaunchScreen.storyboard */ = {
			isa = PBXVariantGroup;
			children = (
				D5BA40782930A29200B13383 /* Base */,
			);
			name = LaunchScreen.storyboard;
			sourceTree = "<group>";
		};
/* End PBXVariantGroup section */

/* Begin XCBuildConfiguration section */
		D5BA40912930A29300B13383 /* Debug */ = {
			isa = XCBuildConfiguration;
			buildSettings = {
				ALWAYS_SEARCH_USER_PATHS = NO;
				CLANG_ANALYZER_NONNULL = YES;
				CLANG_ANALYZER_NUMBER_OBJECT_CONVERSION = YES_AGGRESSIVE;
				CLANG_CXX_LANGUAGE_STANDARD = "gnu++20";
				CLANG_ENABLE_MODULES = YES;
				CLANG_ENABLE_OBJC_ARC = YES;
				CLANG_ENABLE_OBJC_WEAK = YES;
				CLANG_WARN_BLOCK_CAPTURE_AUTORELEASING = YES;
				CLANG_WARN_BOOL_CONVERSION = YES;
				CLANG_WARN_COMMA = YES;
				CLANG_WARN_CONSTANT_CONVERSION = YES;
				CLANG_WARN_DEPRECATED_OBJC_IMPLEMENTATIONS = YES;
				CLANG_WARN_DIRECT_OBJC_ISA_USAGE = YES_ERROR;
				CLANG_WARN_DOCUMENTATION_COMMENTS = YES;
				CLANG_WARN_EMPTY_BODY = YES;
				CLANG_WARN_ENUM_CONVERSION = YES;
				CLANG_WARN_INFINITE_RECURSION = YES;
				CLANG_WARN_INT_CONVERSION = YES;
				CLANG_WARN_NON_LITERAL_NULL_CONVERSION = YES;
				CLANG_WARN_OBJC_IMPLICIT_RETAIN_SELF = YES;
				CLANG_WARN_OBJC_LITERAL_CONVERSION = YES;
				CLANG_WARN_OBJC_ROOT_CLASS = YES_ERROR;
				CLANG_WARN_QUOTED_INCLUDE_IN_FRAMEWORK_HEADER = YES;
				CLANG_WARN_RANGE_LOOP_ANALYSIS = YES;
				CLANG_WARN_STRICT_PROTOTYPES = YES;
				CLANG_WARN_SUSPICIOUS_MOVE = YES;
				CLANG_WARN_UNGUARDED_AVAILABILITY = YES_AGGRESSIVE;
				CLANG_WARN_UNREACHABLE_CODE = YES;
				CLANG_WARN__DUPLICATE_METHOD_MATCH = YES;
				COPY_PHASE_STRIP = NO;
				DEBUG_INFORMATION_FORMAT = dwarf;
				ENABLE_STRICT_OBJC_MSGSEND = YES;
				ENABLE_TESTABILITY = YES;
				GCC_C_LANGUAGE_STANDARD = gnu11;
				GCC_DYNAMIC_NO_PIC = NO;
				GCC_NO_COMMON_BLOCKS = YES;
				GCC_OPTIMIZATION_LEVEL = 0;
				GCC_PREPROCESSOR_DEFINITIONS = (
					"DEBUG=1",
					"$(inherited)",
				);
				GCC_WARN_64_TO_32_BIT_CONVERSION = YES;
				GCC_WARN_ABOUT_RETURN_TYPE = YES_ERROR;
				GCC_WARN_UNDECLARED_SELECTOR = YES;
				GCC_WARN_UNINITIALIZED_AUTOS = YES_AGGRESSIVE;
				GCC_WARN_UNUSED_FUNCTION = YES;
				GCC_WARN_UNUSED_VARIABLE = YES;
				IPHONEOS_DEPLOYMENT_TARGET = 16.1;
				MTL_ENABLE_DEBUG_INFO = INCLUDE_SOURCE;
				MTL_FAST_MATH = YES;
				ONLY_ACTIVE_ARCH = YES;
				SDKROOT = iphoneos;
				SWIFT_ACTIVE_COMPILATION_CONDITIONS = DEBUG;
				SWIFT_OPTIMIZATION_LEVEL = "-Onone";
			};
			name = Debug;
		};
		D5BA40922930A29300B13383 /* Release */ = {
			isa = XCBuildConfiguration;
			buildSettings = {
				ALWAYS_SEARCH_USER_PATHS = NO;
				CLANG_ANALYZER_NONNULL = YES;
				CLANG_ANALYZER_NUMBER_OBJECT_CONVERSION = YES_AGGRESSIVE;
				CLANG_CXX_LANGUAGE_STANDARD = "gnu++20";
				CLANG_ENABLE_MODULES = YES;
				CLANG_ENABLE_OBJC_ARC = YES;
				CLANG_ENABLE_OBJC_WEAK = YES;
				CLANG_WARN_BLOCK_CAPTURE_AUTORELEASING = YES;
				CLANG_WARN_BOOL_CONVERSION = YES;
				CLANG_WARN_COMMA = YES;
				CLANG_WARN_CONSTANT_CONVERSION = YES;
				CLANG_WARN_DEPRECATED_OBJC_IMPLEMENTATIONS = YES;
				CLANG_WARN_DIRECT_OBJC_ISA_USAGE = YES_ERROR;
				CLANG_WARN_DOCUMENTATION_COMMENTS = YES;
				CLANG_WARN_EMPTY_BODY = YES;
				CLANG_WARN_ENUM_CONVERSION = YES;
				CLANG_WARN_INFINITE_RECURSION = YES;
				CLANG_WARN_INT_CONVERSION = YES;
				CLANG_WARN_NON_LITERAL_NULL_CONVERSION = YES;
				CLANG_WARN_OBJC_IMPLICIT_RETAIN_SELF = YES;
				CLANG_WARN_OBJC_LITERAL_CONVERSION = YES;
				CLANG_WARN_OBJC_ROOT_CLASS = YES_ERROR;
				CLANG_WARN_QUOTED_INCLUDE_IN_FRAMEWORK_HEADER = YES;
				CLANG_WARN_RANGE_LOOP_ANALYSIS = YES;
				CLANG_WARN_STRICT_PROTOTYPES = YES;
				CLANG_WARN_SUSPICIOUS_MOVE = YES;
				CLANG_WARN_UNGUARDED_AVAILABILITY = YES_AGGRESSIVE;
				CLANG_WARN_UNREACHABLE_CODE = YES;
				CLANG_WARN__DUPLICATE_METHOD_MATCH = YES;
				COPY_PHASE_STRIP = NO;
				DEBUG_INFORMATION_FORMAT = "dwarf-with-dsym";
				ENABLE_NS_ASSERTIONS = NO;
				ENABLE_STRICT_OBJC_MSGSEND = YES;
				GCC_C_LANGUAGE_STANDARD = gnu11;
				GCC_NO_COMMON_BLOCKS = YES;
				GCC_WARN_64_TO_32_BIT_CONVERSION = YES;
				GCC_WARN_ABOUT_RETURN_TYPE = YES_ERROR;
				GCC_WARN_UNDECLARED_SELECTOR = YES;
				GCC_WARN_UNINITIALIZED_AUTOS = YES_AGGRESSIVE;
				GCC_WARN_UNUSED_FUNCTION = YES;
				GCC_WARN_UNUSED_VARIABLE = YES;
				IPHONEOS_DEPLOYMENT_TARGET = 16.1;
				MTL_ENABLE_DEBUG_INFO = NO;
				MTL_FAST_MATH = YES;
				SDKROOT = iphoneos;
				SWIFT_COMPILATION_MODE = wholemodule;
				SWIFT_OPTIMIZATION_LEVEL = "-O";
				VALIDATE_PRODUCT = YES;
			};
			name = Release;
		};
		D5BA40942930A29300B13383 /* Debug */ = {
			isa = XCBuildConfiguration;
			buildSettings = {
				ASSETCATALOG_COMPILER_APPICON_NAME = AppIcon;
				ASSETCATALOG_COMPILER_GLOBAL_ACCENT_COLOR_NAME = AccentColor;
				CODE_SIGN_STYLE = Automatic;
				CURRENT_PROJECT_VERSION = 1;
				GENERATE_INFOPLIST_FILE = YES;
				INFOPLIST_FILE = SimpleAppStudy/Info.plist;
				INFOPLIST_KEY_UIApplicationSupportsIndirectInputEvents = YES;
				INFOPLIST_KEY_UILaunchStoryboardName = LaunchScreen;
				INFOPLIST_KEY_UIMainStoryboardFile = Main;
				INFOPLIST_KEY_UISupportedInterfaceOrientations_iPad = "UIInterfaceOrientationPortrait UIInterfaceOrientationPortraitUpsideDown UIInterfaceOrientationLandscapeLeft UIInterfaceOrientationLandscapeRight";
				INFOPLIST_KEY_UISupportedInterfaceOrientations_iPhone = "UIInterfaceOrientationPortrait UIInterfaceOrientationLandscapeLeft UIInterfaceOrientationLandscapeRight";
				LD_RUNPATH_SEARCH_PATHS = (
					"$(inherited)",
					"@executable_path/Frameworks",
				);
				MARKETING_VERSION = 1.0;
				PRODUCT_BUNDLE_IDENTIFIER = simpleappstudy.SimpleAppStudy;
				PRODUCT_NAME = "$(TARGET_NAME)";
				SWIFT_EMIT_LOC_STRINGS = YES;
				SWIFT_VERSION = 5.0;
				TARGETED_DEVICE_FAMILY = "1,2";
			};
			name = Debug;
		};
		D5BA40952930A29300B13383 /* Release */ = {
			isa = XCBuildConfiguration;
			buildSettings = {
				ASSETCATALOG_COMPILER_APPICON_NAME = AppIcon;
				ASSETCATALOG_COMPILER_GLOBAL_ACCENT_COLOR_NAME = AccentColor;
				CODE_SIGN_STYLE = Automatic;
				CURRENT_PROJECT_VERSION = 1;
				GENERATE_INFOPLIST_FILE = YES;
				INFOPLIST_FILE = SimpleAppStudy/Info.plist;
				INFOPLIST_KEY_UIApplicationSupportsIndirectInputEvents = YES;
				INFOPLIST_KEY_UILaunchStoryboardName = LaunchScreen;
				INFOPLIST_KEY_UIMainStoryboardFile = Main;
				INFOPLIST_KEY_UISupportedInterfaceOrientations_iPad = "UIInterfaceOrientationPortrait UIInterfaceOrientationPortraitUpsideDown UIInterfaceOrientationLandscapeLeft UIInterfaceOrientationLandscapeRight";
				INFOPLIST_KEY_UISupportedInterfaceOrientations_iPhone = "UIInterfaceOrientationPortrait UIInterfaceOrientationLandscapeLeft UIInterfaceOrientationLandscapeRight";
				LD_RUNPATH_SEARCH_PATHS = (
					"$(inherited)",
					"@executable_path/Frameworks",
				);
				MARKETING_VERSION = 1.0;
				PRODUCT_BUNDLE_IDENTIFIER = simpleappstudy.SimpleAppStudy;
				PRODUCT_NAME = "$(TARGET_NAME)";
				SWIFT_EMIT_LOC_STRINGS = YES;
				SWIFT_VERSION = 5.0;
				TARGETED_DEVICE_FAMILY = "1,2";
			};
			name = Release;
		};
		D5BA40972930A29300B13383 /* Debug */ = {
			isa = XCBuildConfiguration;
			buildSettings = {
				ALWAYS_EMBED_SWIFT_STANDARD_LIBRARIES = YES;
				BUNDLE_LOADER = "$(TEST_HOST)";
				CODE_SIGN_STYLE = Automatic;
				CURRENT_PROJECT_VERSION = 1;
				GENERATE_INFOPLIST_FILE = YES;
				IPHONEOS_DEPLOYMENT_TARGET = 16.1;
				MARKETING_VERSION = 1.0;
				PRODUCT_BUNDLE_IDENTIFIER = simpleappstudy.SimpleAppStudyTests;
				PRODUCT_NAME = "$(TARGET_NAME)";
				SWIFT_EMIT_LOC_STRINGS = NO;
				SWIFT_VERSION = 5.0;
				TARGETED_DEVICE_FAMILY = "1,2";
				TEST_HOST = "$(BUILT_PRODUCTS_DIR)/SimpleAppStudy.app/$(BUNDLE_EXECUTABLE_FOLDER_PATH)/SimpleAppStudy";
			};
			name = Debug;
		};
		D5BA40982930A29300B13383 /* Release */ = {
			isa = XCBuildConfiguration;
			buildSettings = {
				ALWAYS_EMBED_SWIFT_STANDARD_LIBRARIES = YES;
				BUNDLE_LOADER = "$(TEST_HOST)";
				CODE_SIGN_STYLE = Automatic;
				CURRENT_PROJECT_VERSION = 1;
				GENERATE_INFOPLIST_FILE = YES;
				IPHONEOS_DEPLOYMENT_TARGET = 16.1;
				MARKETING_VERSION = 1.0;
				PRODUCT_BUNDLE_IDENTIFIER = simpleappstudy.SimpleAppStudyTests;
				PRODUCT_NAME = "$(TARGET_NAME)";
				SWIFT_EMIT_LOC_STRINGS = NO;
				SWIFT_VERSION = 5.0;
				TARGETED_DEVICE_FAMILY = "1,2";
				TEST_HOST = "$(BUILT_PRODUCTS_DIR)/SimpleAppStudy.app/$(BUNDLE_EXECUTABLE_FOLDER_PATH)/SimpleAppStudy";
			};
			name = Release;
		};
		D5BA409A2930A29300B13383 /* Debug */ = {
			isa = XCBuildConfiguration;
			buildSettings = {
				ALWAYS_EMBED_SWIFT_STANDARD_LIBRARIES = YES;
				CODE_SIGN_STYLE = Automatic;
				CURRENT_PROJECT_VERSION = 1;
				GENERATE_INFOPLIST_FILE = YES;
				MARKETING_VERSION = 1.0;
				PRODUCT_BUNDLE_IDENTIFIER = simpleappstudy.SimpleAppStudyUITests;
				PRODUCT_NAME = "$(TARGET_NAME)";
				SWIFT_EMIT_LOC_STRINGS = NO;
				SWIFT_VERSION = 5.0;
				TARGETED_DEVICE_FAMILY = "1,2";
				TEST_TARGET_NAME = SimpleAppStudy;
			};
			name = Debug;
		};
		D5BA409B2930A29300B13383 /* Release */ = {
			isa = XCBuildConfiguration;
			buildSettings = {
				ALWAYS_EMBED_SWIFT_STANDARD_LIBRARIES = YES;
				CODE_SIGN_STYLE = Automatic;
				CURRENT_PROJECT_VERSION = 1;
				GENERATE_INFOPLIST_FILE = YES;
				MARKETING_VERSION = 1.0;
				PRODUCT_BUNDLE_IDENTIFIER = simpleappstudy.SimpleAppStudyUITests;
				PRODUCT_NAME = "$(TARGET_NAME)";
				SWIFT_EMIT_LOC_STRINGS = NO;
				SWIFT_VERSION = 5.0;
				TARGETED_DEVICE_FAMILY = "1,2";
				TEST_TARGET_NAME = SimpleAppStudy;
			};
			name = Release;
		};
/* End XCBuildConfiguration section */

/* Begin XCConfigurationList section */
		D5BA40642930A29200B13383 /* Build configuration list for PBXProject "SimpleAppStudy" */ = {
			isa = XCConfigurationList;
			buildConfigurations = (
				D5BA40912930A29300B13383 /* Debug */,
				D5BA40922930A29300B13383 /* Release */,
			);
			defaultConfigurationIsVisible = 0;
			defaultConfigurationName = Release;
		};
		D5BA40932930A29300B13383 /* Build configuration list for PBXNativeTarget "SimpleAppStudy" */ = {
			isa = XCConfigurationList;
			buildConfigurations = (
				D5BA40942930A29300B13383 /* Debug */,
				D5BA40952930A29300B13383 /* Release */,
			);
			defaultConfigurationIsVisible = 0;
			defaultConfigurationName = Release;
		};
		D5BA40962930A29300B13383 /* Build configuration list for PBXNativeTarget "SimpleAppStudyTests" */ = {
			isa = XCConfigurationList;
			buildConfigurations = (
				D5BA40972930A29300B13383 /* Debug */,
				D5BA40982930A29300B13383 /* Release */,
			);
			defaultConfigurationIsVisible = 0;
			defaultConfigurationName = Release;
		};
		D5BA40992930A29300B13383 /* Build configuration list for PBXNativeTarget "SimpleAppStudyUITests" */ = {
			isa = XCConfigurationList;
			buildConfigurations = (
				D5BA409A2930A29300B13383 /* Debug */,
				D5BA409B2930A29300B13383 /* Release */,
			);
			defaultConfigurationIsVisible = 0;
			defaultConfigurationName = Release;
		};
/* End XCConfigurationList section */
	};
	rootObject = D5BA40612930A29200B13383 /* Project object */;
}
